
Microsoft Visual Studio Solution File, Format Version 12.00
# Visual Studio 14
VisualStudioVersion = 14.0.23107.0
MinimumVisualStudioVersion = 10.0.40219.1
Project("{FAE04EC0-301F-11D3-BF4B-00C04F79EFBC}") = "Redis.Extension", "Redis.Extension\Redis.Extension.csproj", "{5EAA7955-BC1A-4E50-A567-580907251619}"
EndProject
Project("{FAE04EC0-301F-11D3-BF4B-00C04F79EFBC}") = "Redis.Extension.Tests", "Redis.Extension.Tests\Redis.Extension.Tests.csproj", "{D6DF294F-2EA8-4BCD-9C4E-B7D6985B26EF}"
EndProject
Global
	GlobalSection(SolutionConfigurationPlatforms) = preSolution
		Debug|Any CPU = Debug|Any CPU
		Release|Any CPU = Release|Any CPU
	EndGlobalSection
	GlobalSection(ProjectConfigurationPlatforms) = postSolution
		{5EAA7955-BC1A-4E50-A567-580907251619}.Debug|Any CPU.ActiveCfg = Debug|Any CPU
		{5EAA7955-BC1A-4E50-A567-580907251619}.Debug|Any CPU.Build.0 = Debug|Any CPU
		{5EAA7955-BC1A-4E50-A567-580907251619}.Release|Any CPU.ActiveCfg = Release|Any CPU
		{5EAA7955-BC1A-4E50-A567-580907251619}.Release|Any CPU.Build.0 = Release|Any CPU
		{D6DF294F-2EA8-4BCD-9C4E-B7D6985B26EF}.Debug|Any CPU.ActiveCfg = Debug|Any CPU
		{D6DF294F-2EA8-4BCD-9C4E-B7D6985B26EF}.Debug|Any CPU.Build.0 = Debug|Any CPU
		{D6DF294F-2EA8-4BCD-9C4E-B7D6985B26EF}.Release|Any CPU.ActiveCfg = Release|Any CPU
		{D6DF294F-2EA8-4BCD-9C4E-B7D6985B26EF}.Release|Any CPU.Build.0 = Release|Any CPU
	EndGlobalSection
	GlobalSection(SolutionProperties) = preSolution
		HideSolutionNode = FALSE
	EndGlobalSection
EndGlobal
